hash: 149bf3baf453dd0b552a01eec8a9d22c2a0d137e1e66e46ba18cab4fadae3e23
updated: 2016-09-02T11:14:31.917619399+02:00
imports:
- name: github.com/codegangsta/cli
  version: a14d7d367bc02b1f57d88de97926727f2d936387
- name: github.com/davecgh/go-spew
  version: 6cf5744a041a0022271cefed95ba843f6d87fd51
  subpackages:
  - spew
- name: github.com/hotolab/cov
  version: f53c2e9ec29c23ae8f8b0d608cb5e4f1e10fcb6f
- name: github.com/hotolab/envconfig
  version: 0280e33525f5d88edb71638a80b31724153225ba
- name: github.com/kelseyhightower/envconfig
  version: 1e291572dcb9ba673cdcdb15e0f422702415ebaf
- name: github.com/Sirupsen/logrus
  version: 4b6ea7319e214d98c938f12692336f7ca9348d6b
- name: golang.org/x/sys
  version: a646d33e2ee3172a661fc09bca23bb4889a41bc8
  subpackages:
  - unix
- name: golang.org/x/tools
  version: 9deed8c6c1c89e0b6d68d727f215de8e851d1064
  subpackages:
  - cover
testImports: []
