hash: 890f406187c436b4e00935c8a405e759bf47fb3cb53974780b5b6befa3747c98
updated: 2016-10-11T22:35:27.815311259+02:00
imports:
- name: github.com/codegangsta/cli
  version: 55f715e28c46073d0e217e2ce8eb46b0b45e3db6
- name: github.com/fatih/structs
  version: dc3312cb1a4513a366c4c9e622ad55c32df12ed3
- name: github.com/golang/lint
  version: 55ae771cfa82f3846897c972e262ed5d54d47d48
- name: github.com/hotolab/cov
  version: 4d1b3033c0b3dd4b28ad89d6b03e0d1c4789b93a
- name: github.com/karolgorecki/goprove
  version: 10843a055ac5c965518cc30eca0bbe9222ea69bd
  subpackages:
  - util
- name: github.com/kelseyhightower/envconfig
  version: ac12b1f15efba734211a556d8b125110dc538016
- name: github.com/ryanuber/go-license
  version: 027a317812857d68bb611443b5c08bbe96e88598
- name: github.com/Sirupsen/logrus
  version: 4b6ea7319e214d98c938f12692336f7ca9348d6b
- name: golang.org/x/sys
  version: 67f277b6fe017c42fc3b4a445edc999dd99edd58
  subpackages:
  - unix
- name: golang.org/x/tools
  version: 8453f27cc7e9bc769059b8eb7c88f61da9382d1e
  subpackages:
  - cover
  - go/gcimporter15
testImports: []
